
Microsoft Visual Studio Solution File, Format Version 12.00
# Visual Studio Version 16
VisualStudioVersion = 16.0.31911.196
MinimumVisualStudioVersion = 10.0.40219.1
Project("{FAE04EC0-301F-11D3-BF4B-00C04F79EFBC}") = "Address2", "Address2.csproj", "{848ECB60-3C5B-490F-8C28-C48EB681BB7F}"
EndProject
Global
	GlobalSection(SolutionConfigurationPlatforms) = preSolution
		Debug|Any CPU = Debug|Any CPU
		Release|Any CPU = Release|Any CPU
	EndGlobalSection
	GlobalSection(ProjectConfigurationPlatforms) = postSolution
		{848ECB60-3C5B-490F-8C28-C48EB681BB7F}.Debug|Any CPU.ActiveCfg = Debug|Any CPU
		{848ECB60-3C5B-490F-8C28-C48EB681BB7F}.Debug|Any CPU.Build.0 = Debug|Any CPU
		{848ECB60-3C5B-490F-8C28-C48EB681BB7F}.Release|Any CPU.ActiveCfg = Release|Any CPU
		{848ECB60-3C5B-490F-8C28-C48EB681BB7F}.Release|Any CPU.Build.0 = Release|Any CPU
	EndGlobalSection
	GlobalSection(SolutionProperties) = preSolution
		HideSolutionNode = FALSE
	EndGlobalSection
	GlobalSection(ExtensibilityGlobals) = postSolution
		SolutionGuid = {3EFC40FA-E993-48AD-88C3-22315F2EEB77}
	EndGlobalSection
EndGlobal
